
Microsoft Visual Studio Solution File, Format Version 12.00
# Visual Studio Version 17
VisualStudioVersion = 17.4.33205.214
MinimumVisualStudioVersion = 10.0.40219.1
Project("{FAE04EC0-301F-11D3-BF4B-00C04F79EFBC}") = "CanvaClase180123", "CanvaClase180123\CanvaClase180123.csproj", "{E7B5B309-C8C4-49D1-848A-1F9352F56FF4}"
EndProject
Global
	GlobalSection(SolutionConfigurationPlatforms) = preSolution
		Debug|Any CPU = Debug|Any CPU
		Release|Any CPU = Release|Any CPU
	EndGlobalSection
	GlobalSection(ProjectConfigurationPlatforms) = postSolution
		{E7B5B309-C8C4-49D1-848A-1F9352F56FF4}.Debug|Any CPU.ActiveCfg = Debug|Any CPU
		{E7B5B309-C8C4-49D1-848A-1F9352F56FF4}.Debug|Any CPU.Build.0 = Debug|Any CPU
		{E7B5B309-C8C4-49D1-848A-1F9352F56FF4}.Release|Any CPU.ActiveCfg = Release|Any CPU
		{E7B5B309-C8C4-49D1-848A-1F9352F56FF4}.Release|Any CPU.Build.0 = Release|Any CPU
	EndGlobalSection
	GlobalSection(SolutionProperties) = preSolution
		HideSolutionNode = FALSE
	EndGlobalSection
	GlobalSection(ExtensibilityGlobals) = postSolution
		SolutionGuid = {F039F555-8C2A-42D4-A01B-6933E437BD1F}
	EndGlobalSection
EndGlobal
